
Microsoft Visual Studio Solution File, Format Version 12.00
# Visual Studio Version 16
VisualStudioVersion = 16.0.32510.428
MinimumVisualStudioVersion = 10.0.40219.1
Project("{FAE04EC0-301F-11D3-BF4B-00C04F79EFBC}") = "Encryption", "Encryption.csproj", "{B70BC6CC-EC45-477F-86F6-02110BF112CC}"
EndProject
Global
	GlobalSection(SolutionConfigurationPlatforms) = preSolution
		Debug|Any CPU = Debug|Any CPU
		Release|Any CPU = Release|Any CPU
	EndGlobalSection
	GlobalSection(ProjectConfigurationPlatforms) = postSolution
		{B70BC6CC-EC45-477F-86F6-02110BF112CC}.Debug|Any CPU.ActiveCfg = Debug|Any CPU
		{B70BC6CC-EC45-477F-86F6-02110BF112CC}.Debug|Any CPU.Build.0 = Debug|Any CPU
		{B70BC6CC-EC45-477F-86F6-02110BF112CC}.Release|Any CPU.ActiveCfg = Release|Any CPU
		{B70BC6CC-EC45-477F-86F6-02110BF112CC}.Release|Any CPU.Build.0 = Release|Any CPU
	EndGlobalSection
	GlobalSection(SolutionProperties) = preSolution
		HideSolutionNode = FALSE
	EndGlobalSection
	GlobalSection(ExtensibilityGlobals) = postSolution
		SolutionGuid = {414D477B-E909-4EA0-9075-BB113115DA77}
	EndGlobalSection
EndGlobal
